
Microsoft Visual Studio Solution File, Format Version 12.00
# Visual Studio Version 17
VisualStudioVersion = 17.3.32929.385
MinimumVisualStudioVersion = 10.0.40219.1
Project("{FAE04EC0-301F-11D3-BF4B-00C04F79EFBC}") = "Exec02_Fee", "Exec02_Fee\Exec02_Fee.csproj", "{9169C740-24AD-4D22-B272-920E953C75DF}"
EndProject
Global
	GlobalSection(SolutionConfigurationPlatforms) = preSolution
		Debug|Any CPU = Debug|Any CPU
		Release|Any CPU = Release|Any CPU
	EndGlobalSection
	GlobalSection(ProjectConfigurationPlatforms) = postSolution
		{9169C740-24AD-4D22-B272-920E953C75DF}.Debug|Any CPU.ActiveCfg = Debug|Any CPU
		{9169C740-24AD-4D22-B272-920E953C75DF}.Debug|Any CPU.Build.0 = Debug|Any CPU
		{9169C740-24AD-4D22-B272-920E953C75DF}.Release|Any CPU.ActiveCfg = Release|Any CPU
		{9169C740-24AD-4D22-B272-920E953C75DF}.Release|Any CPU.Build.0 = Release|Any CPU
	EndGlobalSection
	GlobalSection(SolutionProperties) = preSolution
		HideSolutionNode = FALSE
	EndGlobalSection
	GlobalSection(ExtensibilityGlobals) = postSolution
		SolutionGuid = {F8D61ADA-C213-474C-BB82-C2287531CF84}
	EndGlobalSection
EndGlobal
